
Microsoft Visual Studio Solution File, Format Version 12.00
# Visual Studio 15
VisualStudioVersion = 15.0.26430.15
MinimumVisualStudioVersion = 10.0.40219.1
Project("{FAE04EC0-301F-11D3-BF4B-00C04F79EFBC}") = "TestDrive5.Android", "TestDrive5\TestDrive5.Android\TestDrive5.Android.csproj", "{D009E891-9A1F-4CC3-AC23-E5CE959BD1E0}"
EndProject
Project("{FAE04EC0-301F-11D3-BF4B-00C04F79EFBC}") = "TestDrive5", "TestDrive5\TestDrive5\TestDrive5.csproj", "{D716147E-0B2B-4B3B-A3B4-68C9FF05E29A}"
EndProject
Project("{FAE04EC0-301F-11D3-BF4B-00C04F79EFBC}") = "TestDrive5.iOS", "TestDrive5\TestDrive5.iOS\TestDrive5.iOS.csproj", "{2581A5AA-959D-455E-978C-137C82C31CAD}"
EndProject
Global
	GlobalSection(SolutionConfigurationPlatforms) = preSolution
		Ad-Hoc|Any CPU = Ad-Hoc|Any CPU
		Ad-Hoc|iPhone = Ad-Hoc|iPhone
		Ad-Hoc|iPhoneSimulator = Ad-Hoc|iPhoneSimulator
		AppStore|Any CPU = AppStore|Any CPU
		AppStore|iPhone = AppStore|iPhone
		AppStore|iPhoneSimulator = AppStore|iPhoneSimulator
		Debug|Any CPU = Debug|Any CPU
		Debug|iPhone = Debug|iPhone
		Debug|iPhoneSimulator = Debug|iPhoneSimulator
		Release|Any CPU = Release|Any CPU
		Release|iPhone = Release|iPhone
		Release|iPhoneSimulator = Release|iPhoneSimulator
	EndGlobalSection
	GlobalSection(ProjectConfigurationPlatforms) = postSolution
		{D009E891-9A1F-4CC3-AC23-E5CE959BD1E0}.Ad-Hoc|Any CPU.ActiveCfg = Release|Any CPU
		{D009E891-9A1F-4CC3-AC23-E5CE959BD1E0}.Ad-Hoc|Any CPU.Build.0 = Release|Any CPU
		{D009E891-9A1F-4CC3-AC23-E5CE959BD1E0}.Ad-Hoc|Any CPU.Deploy.0 = Release|Any CPU
		{D009E891-9A1F-4CC3-AC23-E5CE959BD1E0}.Ad-Hoc|iPhone.ActiveCfg = Release|Any CPU
		{D009E891-9A1F-4CC3-AC23-E5CE959BD1E0}.Ad-Hoc|iPhone.Build.0 = Release|Any CPU
		{D009E891-9A1F-4CC3-AC23-E5CE959BD1E0}.Ad-Hoc|iPhone.Deploy.0 = Release|Any CPU
		{D009E891-9A1F-4CC3-AC23-E5CE959BD1E0}.Ad-Hoc|iPhoneSimulator.ActiveCfg = Release|Any CPU
		{D009E891-9A1F-4CC3-AC23-E5CE959BD1E0}.Ad-Hoc|iPhoneSimulator.Build.0 = Release|Any CPU
		{D009E891-9A1F-4CC3-AC23-E5CE959BD1E0}.Ad-Hoc|iPhoneSimulator.Deploy.0 = Release|Any CPU
		{D009E891-9A1F-4CC3-AC23-E5CE959BD1E0}.AppStore|Any CPU.ActiveCfg = Release|Any CPU
		{D009E891-9A1F-4CC3-AC23-E5CE959BD1E0}.AppStore|Any CPU.Build.0 = Release|Any CPU
		{D009E891-9A1F-4CC3-AC23-E5CE959BD1E0}.AppStore|Any CPU.Deploy.0 = Release|Any CPU
		{D009E891-9A1F-4CC3-AC23-E5CE959BD1E0}.AppStore|iPhone.ActiveCfg = Release|Any CPU
		{D009E891-9A1F-4CC3-AC23-E5CE959BD1E0}.AppStore|iPhone.Build.0 = Release|Any CPU
		{D009E891-9A1F-4CC3-AC23-E5CE959BD1E0}.AppStore|iPhone.Deploy.0 = Release|Any CPU
		{D009E891-9A1F-4CC3-AC23-E5CE959BD1E0}.AppStore|iPhoneSimulator.ActiveCfg = Release|Any CPU
		{D009E891-9A1F-4CC3-AC23-E5CE959BD1E0}.AppStore|iPhoneSimulator.Build.0 = Release|Any CPU
		{D009E891-9A1F-4CC3-AC23-E5CE959BD1E0}.AppStore|iPhoneSimulator.Deploy.0 = Release|Any CPU
		{D009E891-9A1F-4CC3-AC23-E5CE959BD1E0}.Debug|Any CPU.ActiveCfg = Debug|Any CPU
		{D009E891-9A1F-4CC3-AC23-E5CE959BD1E0}.Debug|Any CPU.Build.0 = Debug|Any CPU
		{D009E891-9A1F-4CC3-AC23-E5CE959BD1E0}.Debug|Any CPU.Deploy.0 = Debug|Any CPU
		{D009E891-9A1F-4CC3-AC23-E5CE959BD1E0}.Debug|iPhone.ActiveCfg = Debug|Any CPU
		{D009E891-9A1F-4CC3-AC23-E5CE959BD1E0}.Debug|iPhone.Build.0 = Debug|Any CPU
		{D009E891-9A1F-4CC3-AC23-E5CE959BD1E0}.Debug|iPhone.Deploy.0 = Debug|Any CPU
		{D009E891-9A1F-4CC3-AC23-E5CE959BD1E0}.Debug|iPhoneSimulator.ActiveCfg = Debug|Any CPU
		{D009E891-9A1F-4CC3-AC23-E5CE959BD1E0}.Debug|iPhoneSimulator.Build.0 = Debug|Any CPU
		{D009E891-9A1F-4CC3-AC23-E5CE959BD1E0}.Debug|iPhoneSimulator.Deploy.0 = Debug|Any CPU
		{D009E891-9A1F-4CC3-AC23-E5CE959BD1E0}.Release|Any CPU.ActiveCfg = Release|Any CPU
		{D009E891-9A1F-4CC3-AC23-E5CE959BD1E0}.Release|Any CPU.Build.0 = Release|Any CPU
		{D009E891-9A1F-4CC3-AC23-E5CE959BD1E0}.Release|Any CPU.Deploy.0 = Release|Any CPU
		{D009E891-9A1F-4CC3-AC23-E5CE959BD1E0}.Release|iPhone.ActiveCfg = Release|Any CPU
		{D009E891-9A1F-4CC3-AC23-E5CE959BD1E0}.Release|iPhone.Build.0 = Release|Any CPU
		{D009E891-9A1F-4CC3-AC23-E5CE959BD1E0}.Release|iPhone.Deploy.0 = Release|Any CPU
		{D009E891-9A1F-4CC3-AC23-E5CE959BD1E0}.Release|iPhoneSimulator.ActiveCfg = Release|Any CPU
		{D009E891-9A1F-4CC3-AC23-E5CE959BD1E0}.Release|iPhoneSimulator.Build.0 = Release|Any CPU
		{D009E891-9A1F-4CC3-AC23-E5CE959BD1E0}.Release|iPhoneSimulator.Deploy.0 = Release|Any CPU
		{D716147E-0B2B-4B3B-A3B4-68C9FF05E29A}.Ad-Hoc|Any CPU.ActiveCfg = Release|Any CPU
		{D716147E-0B2B-4B3B-A3B4-68C9FF05E29A}.Ad-Hoc|Any CPU.Build.0 = Release|Any CPU
		{D716147E-0B2B-4B3B-A3B4-68C9FF05E29A}.Ad-Hoc|iPhone.ActiveCfg = Release|Any CPU
		{D716147E-0B2B-4B3B-A3B4-68C9FF05E29A}.Ad-Hoc|iPhone.Build.0 = Release|Any CPU
		{D716147E-0B2B-4B3B-A3B4-68C9FF05E29A}.Ad-Hoc|iPhoneSimulator.ActiveCfg = Release|Any CPU
		{D716147E-0B2B-4B3B-A3B4-68C9FF05E29A}.Ad-Hoc|iPhoneSimulator.Build.0 = Release|Any CPU
		{D716147E-0B2B-4B3B-A3B4-68C9FF05E29A}.AppStore|Any CPU.ActiveCfg = Release|Any CPU
		{D716147E-0B2B-4B3B-A3B4-68C9FF05E29A}.AppStore|Any CPU.Build.0 = Release|Any CPU
		{D716147E-0B2B-4B3B-A3B4-68C9FF05E29A}.AppStore|iPhone.ActiveCfg = Release|Any CPU
		{D716147E-0B2B-4B3B-A3B4-68C9FF05E29A}.AppStore|iPhone.Build.0 = Release|Any CPU
		{D716147E-0B2B-4B3B-A3B4-68C9FF05E29A}.AppStore|iPhoneSimulator.ActiveCfg = Release|Any CPU
		{D716147E-0B2B-4B3B-A3B4-68C9FF05E29A}.AppStore|iPhoneSimulator.Build.0 = Release|Any CPU
		{D716147E-0B2B-4B3B-A3B4-68C9FF05E29A}.Debug|Any CPU.ActiveCfg = Debug|Any CPU
		{D716147E-0B2B-4B3B-A3B4-68C9FF05E29A}.Debug|Any CPU.Build.0 = Debug|Any CPU
		{D716147E-0B2B-4B3B-A3B4-68C9FF05E29A}.Debug|iPhone.ActiveCfg = Debug|Any CPU
		{D716147E-0B2B-4B3B-A3B4-68C9FF05E29A}.Debug|iPhone.Build.0 = Debug|Any CPU
		{D716147E-0B2B-4B3B-A3B4-68C9FF05E29A}.Debug|iPhoneSimulator.ActiveCfg = Debug|Any CPU
		{D716147E-0B2B-4B3B-A3B4-68C9FF05E29A}.Debug|iPhoneSimulator.Build.0 = Debug|Any CPU
		{D716147E-0B2B-4B3B-A3B4-68C9FF05E29A}.Release|Any CPU.ActiveCfg = Release|Any CPU
		{D716147E-0B2B-4B3B-A3B4-68C9FF05E29A}.Release|Any CPU.Build.0 = Release|Any CPU
		{D716147E-0B2B-4B3B-A3B4-68C9FF05E29A}.Release|iPhone.ActiveCfg = Release|Any CPU
		{D716147E-0B2B-4B3B-A3B4-68C9FF05E29A}.Release|iPhone.Build.0 = Release|Any CPU
		{D716147E-0B2B-4B3B-A3B4-68C9FF05E29A}.Release|iPhoneSimulator.ActiveCfg = Release|Any CPU
		{D716147E-0B2B-4B3B-A3B4-68C9FF05E29A}.Release|iPhoneSimulator.Build.0 = Release|Any CPU
		{2581A5AA-959D-455E-978C-137C82C31CAD}.Ad-Hoc|Any CPU.ActiveCfg = Ad-Hoc|iPhone
		{2581A5AA-959D-455E-978C-137C82C31CAD}.Ad-Hoc|iPhone.ActiveCfg = Ad-Hoc|iPhone
		{2581A5AA-959D-455E-978C-137C82C31CAD}.Ad-Hoc|iPhone.Build.0 = Ad-Hoc|iPhone
		{2581A5AA-959D-455E-978C-137C82C31CAD}.Ad-Hoc|iPhoneSimulator.ActiveCfg = Ad-Hoc|iPhoneSimulator
		{2581A5AA-959D-455E-978C-137C82C31CAD}.Ad-Hoc|iPhoneSimulator.Build.0 = Ad-Hoc|iPhoneSimulator
		{2581A5AA-959D-455E-978C-137C82C31CAD}.AppStore|Any CPU.ActiveCfg = AppStore|iPhone
		{2581A5AA-959D-455E-978C-137C82C31CAD}.AppStore|iPhone.ActiveCfg = AppStore|iPhone
		{2581A5AA-959D-455E-978C-137C82C31CAD}.AppStore|iPhone.Build.0 = AppStore|iPhone
		{2581A5AA-959D-455E-978C-137C82C31CAD}.AppStore|iPhoneSimulator.ActiveCfg = AppStore|iPhoneSimulator
		{2581A5AA-959D-455E-978C-137C82C31CAD}.AppStore|iPhoneSimulator.Build.0 = AppStore|iPhoneSimulator
		{2581A5AA-959D-455E-978C-137C82C31CAD}.Debug|Any CPU.ActiveCfg = Debug|iPhone
		{2581A5AA-959D-455E-978C-137C82C31CAD}.Debug|iPhone.ActiveCfg = Debug|iPhone
		{2581A5AA-959D-455E-978C-137C82C31CAD}.Debug|iPhone.Build.0 = Debug|iPhone
		{2581A5AA-959D-455E-978C-137C82C31CAD}.Debug|iPhoneSimulator.ActiveCfg = Debug|iPhoneSimulator
		{2581A5AA-959D-455E-978C-137C82C31CAD}.Debug|iPhoneSimulator.Build.0 = Debug|iPhoneSimulator
		{2581A5AA-959D-455E-978C-137C82C31CAD}.Release|Any CPU.ActiveCfg = Release|iPhone
		{2581A5AA-959D-455E-978C-137C82C31CAD}.Release|iPhone.ActiveCfg = Release|iPhone
		{2581A5AA-959D-455E-978C-137C82C31CAD}.Release|iPhone.Build.0 = Release|iPhone
		{2581A5AA-959D-455E-978C-137C82C31CAD}.Release|iPhoneSimulator.ActiveCfg = Release|iPhoneSimulator
		{2581A5AA-959D-455E-978C-137C82C31CAD}.Release|iPhoneSimulator.Build.0 = Release|iPhoneSimulator
	EndGlobalSection
	GlobalSection(SolutionProperties) = preSolution
		HideSolutionNode = FALSE
	EndGlobalSection
EndGlobal
